Microsoft Visual Studio Solution File, Format Version 12.00
# Visual Studio Version 16
VisualStudioVersion = 16.0.29613.14
MinimumVisualStudioVersion = 10.0.40219.1
Project("{9A19103F-16F7-4668-BE54-9A1E7A4F7556}") = "Biz.Morsink.HaskellData", "Biz.Morsink.HaskellData\Biz.Morsink.HaskellData.csproj", "{FEDDD9E3-EF6C-493D-B8DA-B0073283D023}"
EndProject
Project("{9A19103F-16F7-4668-BE54-9A1E7A4F7556}") = "Biz.Morsink.HaskellData.Parser", "Biz.Morsink.HaskellData.Parser\Biz.Morsink.HaskellData.Parser.csproj", "{1769CC8A-6A7D-4640-ACCB-D91BE54806F1}"
EndProject
Project("{9A19103F-16F7-4668-BE54-9A1E7A4F7556}") = "Biz.Morsink.HaskellData.Test", "Biz.Morsink.HaskellData.Test\Biz.Morsink.HaskellData.Test.csproj", "{F4A9568E-DB9B-40ED-A4DF-49F15B39DD1B}"
EndProject
Project("{FAE04EC0-301F-11D3-BF4B-00C04F79EFBC}") = "Biz.Morsink.HaskellData.Parser.Test", "Biz.Morsink.HaskellData.Parser.Test\Biz.Morsink.HaskellData.Parser.Test.csproj", "{F4002F51-98EB-4AF5-A7C3-589BE8465009}"
EndProject
Global
	GlobalSection(SolutionConfigurationPlatforms) = preSolution
		Debug|Any CPU = Debug|Any CPU
		Release|Any CPU = Release|Any CPU
	EndGlobalSection
	GlobalSection(ProjectConfigurationPlatforms) = postSolution
		{FEDDD9E3-EF6C-493D-B8DA-B0073283D023}.Debug|Any CPU.ActiveCfg = Debug|Any CPU
		{FEDDD9E3-EF6C-493D-B8DA-B0073283D023}.Debug|Any CPU.Build.0 = Debug|Any CPU
		{FEDDD9E3-EF6C-493D-B8DA-B0073283D023}.Release|Any CPU.ActiveCfg = Release|Any CPU
		{FEDDD9E3-EF6C-493D-B8DA-B0073283D023}.Release|Any CPU.Build.0 = Release|Any CPU
		{1769CC8A-6A7D-4640-ACCB-D91BE54806F1}.Debug|Any CPU.ActiveCfg = Debug|Any CPU
		{1769CC8A-6A7D-4640-ACCB-D91BE54806F1}.Debug|Any CPU.Build.0 = Debug|Any CPU
		{1769CC8A-6A7D-4640-ACCB-D91BE54806F1}.Release|Any CPU.ActiveCfg = Release|Any CPU
		{1769CC8A-6A7D-4640-ACCB-D91BE54806F1}.Release|Any CPU.Build.0 = Release|Any CPU
		{F4A9568E-DB9B-40ED-A4DF-49F15B39DD1B}.Debug|Any CPU.ActiveCfg = Debug|Any CPU
		{F4A9568E-DB9B-40ED-A4DF-49F15B39DD1B}.Debug|Any CPU.Build.0 = Debug|Any CPU
		{F4A9568E-DB9B-40ED-A4DF-49F15B39DD1B}.Release|Any CPU.ActiveCfg = Release|Any CPU
		{F4A9568E-DB9B-40ED-A4DF-49F15B39DD1B}.Release|Any CPU.Build.0 = Release|Any CPU
		{F4002F51-98EB-4AF5-A7C3-589BE8465009}.Debug|Any CPU.ActiveCfg = Debug|Any CPU
		{F4002F51-98EB-4AF5-A7C3-589BE8465009}.Debug|Any CPU.Build.0 = Debug|Any CPU
		{F4002F51-98EB-4AF5-A7C3-589BE8465009}.Release|Any CPU.ActiveCfg = Release|Any CPU
		{F4002F51-98EB-4AF5-A7C3-589BE8465009}.Release|Any CPU.Build.0 = Release|Any CPU
	EndGlobalSection
	GlobalSection(SolutionProperties) = preSolution
		HideSolutionNode = FALSE
	EndGlobalSection
	GlobalSection(ExtensibilityGlobals) = postSolution
		SolutionGuid = {BB3C3EC2-D8FD-4E6E-8B9D-AB3764D89706}
	EndGlobalSection
EndGlobal
